
Microsoft Visual Studio Solution File, Format Version 12.00
# Visual Studio Version 17
VisualStudioVersion = 17.14.36127.28 d17.14
MinimumVisualStudioVersion = 10.0.40219.1
Project("{FAE04EC0-301F-11D3-BF4B-00C04F79EFBC}") = "Blocentra_3", "Blocentra_3\Blocentra_3.csproj", "{9BA7B49E-A190-40D0-AFDF-E685F02C3C4D}"
EndProject
Global
	GlobalSection(SolutionConfigurationPlatforms) = preSolution
		Debug|Any CPU = Debug|Any CPU
		Release|Any CPU = Release|Any CPU
	EndGlobalSection
	GlobalSection(ProjectConfigurationPlatforms) = postSolution
		{9BA7B49E-A190-40D0-AFDF-E685F02C3C4D}.Debug|Any CPU.ActiveCfg = Debug|Any CPU
		{9BA7B49E-A190-40D0-AFDF-E685F02C3C4D}.Debug|Any CPU.Build.0 = Debug|Any CPU
		{9BA7B49E-A190-40D0-AFDF-E685F02C3C4D}.Release|Any CPU.ActiveCfg = Release|Any CPU
		{9BA7B49E-A190-40D0-AFDF-E685F02C3C4D}.Release|Any CPU.Build.0 = Release|Any CPU
	EndGlobalSection
	GlobalSection(SolutionProperties) = preSolution
		HideSolutionNode = FALSE
	EndGlobalSection
	GlobalSection(ExtensibilityGlobals) = postSolution
		SolutionGuid = {E8E38EB6-9E8D-42C6-86BB-3AFF11C3D7AD}
	EndGlobalSection
EndGlobal
